
Microsoft Visual Studio Solution File, Format Version 12.00
# Visual Studio 2013
VisualStudioVersion = 12.0.30501.0
MinimumVisualStudioVersion = 10.0.40219.1
Project("{FAE04EC0-301F-11D3-BF4B-00C04F79EFBC}") = "ClipBoard", "ClipBoard\ClipBoard.csproj", "{4CB97D59-F926-438F-8154-04B79C502C08}"
EndProject
Global
	GlobalSection(TeamFoundationVersionControl) = preSolution
		SccNumberOfProjects = 2
		SccEnterpriseProvider = {4CA58AB2-18FA-4F8D-95D4-32DDF27D184C}
		SccTeamFoundationServer = https://shaonianzhentan.visualstudio.com/defaultcollection
		SccLocalPath0 = .
		SccProjectUniqueName1 = ClipBoard\\ClipBoard.csproj
		SccProjectName1 = ClipBoard
		SccLocalPath1 = ClipBoard
	EndGlobalSection
	GlobalSection(SolutionConfigurationPlatforms) = preSolution
		Debug|Any CPU = Debug|Any CPU
		Release|Any CPU = Release|Any CPU
	EndGlobalSection
	GlobalSection(ProjectConfigurationPlatforms) = postSolution
		{4CB97D59-F926-438F-8154-04B79C502C08}.Debug|Any CPU.ActiveCfg = Debug|Any CPU
		{4CB97D59-F926-438F-8154-04B79C502C08}.Debug|Any CPU.Build.0 = Debug|Any CPU
		{4CB97D59-F926-438F-8154-04B79C502C08}.Release|Any CPU.ActiveCfg = Release|Any CPU
		{4CB97D59-F926-438F-8154-04B79C502C08}.Release|Any CPU.Build.0 = Release|Any CPU
	EndGlobalSection
	GlobalSection(SolutionProperties) = preSolution
		HideSolutionNode = FALSE
	EndGlobalSection
EndGlobal
